
Microsoft Visual Studio Solution File, Format Version 12.00
# Visual Studio Version 17
VisualStudioVersion = 17.11.35208.52
MinimumVisualStudioVersion = 10.0.40219.1
Project("{9A19103F-16F7-4668-BE54-9A1E7A4F7556}") = "PtgExpressHub.Web", "PtgExpressHub.Web\PtgExpressHub.Web.csproj", "{0259995E-8BE7-4E63-9715-1F8D1B4F966D}"
EndProject
Project("{9A19103F-16F7-4668-BE54-9A1E7A4F7556}") = "PtgExpressHub.Data", "PtgExpressHub.Domain\PtgExpressHub.Data.csproj", "{DA03BF16-7A2C-401E-BEC1-2B23A3B80A73}"
EndProject
Project("{9A19103F-16F7-4668-BE54-9A1E7A4F7556}") = "PtgExpressHub.ConsoleRunner", "PtgExpressHub.ConsoleRunner\PtgExpressHub.ConsoleRunner.csproj", "{56D220FC-A87E-4B95-A793-0278A5A7944B}"
EndProject
Project("{2150E333-8FDC-42A3-9474-1A3956D46DE8}") = "PtgExpressHub.GithubActions", "PtgExpressHub.GithubActions", "{185FF494-A7D4-4365-865E-3F408EA3D7EB}"
	ProjectSection(SolutionItems) = preProject
		workflow_dotnet_core.yaml = workflow_dotnet_core.yaml
		workflow_dotnet_framework.yaml = workflow_dotnet_framework.yaml
	EndProjectSection
EndProject
Global
	GlobalSection(SolutionConfigurationPlatforms) = preSolution
		Debug|Any CPU = Debug|Any CPU
		Release|Any CPU = Release|Any CPU
	EndGlobalSection
	GlobalSection(ProjectConfigurationPlatforms) = postSolution
		{0259995E-8BE7-4E63-9715-1F8D1B4F966D}.Debug|Any CPU.ActiveCfg = Debug|Any CPU
		{0259995E-8BE7-4E63-9715-1F8D1B4F966D}.Debug|Any CPU.Build.0 = Debug|Any CPU
		{0259995E-8BE7-4E63-9715-1F8D1B4F966D}.Release|Any CPU.ActiveCfg = Release|Any CPU
		{0259995E-8BE7-4E63-9715-1F8D1B4F966D}.Release|Any CPU.Build.0 = Release|Any CPU
		{DA03BF16-7A2C-401E-BEC1-2B23A3B80A73}.Debug|Any CPU.ActiveCfg = Debug|Any CPU
		{DA03BF16-7A2C-401E-BEC1-2B23A3B80A73}.Debug|Any CPU.Build.0 = Debug|Any CPU
		{DA03BF16-7A2C-401E-BEC1-2B23A3B80A73}.Release|Any CPU.ActiveCfg = Release|Any CPU
		{DA03BF16-7A2C-401E-BEC1-2B23A3B80A73}.Release|Any CPU.Build.0 = Release|Any CPU
		{56D220FC-A87E-4B95-A793-0278A5A7944B}.Debug|Any CPU.ActiveCfg = Debug|Any CPU
		{56D220FC-A87E-4B95-A793-0278A5A7944B}.Debug|Any CPU.Build.0 = Debug|Any CPU
		{56D220FC-A87E-4B95-A793-0278A5A7944B}.Release|Any CPU.ActiveCfg = Release|Any CPU
		{56D220FC-A87E-4B95-A793-0278A5A7944B}.Release|Any CPU.Build.0 = Release|Any CPU
	EndGlobalSection
	GlobalSection(SolutionProperties) = preSolution
		HideSolutionNode = FALSE
	EndGlobalSection
	GlobalSection(ExtensibilityGlobals) = postSolution
		SolutionGuid = {D3C05E82-9D02-4851-B2F6-3DB38AB87F52}
	EndGlobalSection
EndGlobal
